
Microsoft Visual Studio Solution File, Format Version 12.00
# Visual Studio Version 18
VisualStudioVersion = 18.5.11709.299
MinimumVisualStudioVersion = 10.0.40219.1
Project("{8BC9CEB8-8B4A-11D0-8D11-00A0C91BC942}") = "OGFViewer", "Source\Application\OGFViewer.vcxproj", "{96C3EA3B-3CC2-4065-8622-2E938F160263}"
EndProject
Project("{8BC9CEB8-8B4A-11D0-8D11-00A0C91BC942}") = "nv_dds", "Libraries\nv_dds\nv_dds.vcxproj", "{E1378A0B-F467-402B-9318-5C23BE192EEA}"
EndProject
Global
	GlobalSection(SolutionConfigurationPlatforms) = preSolution
		Debug|x86 = Debug|x86
		Release|x86 = Release|x86
	EndGlobalSection
	GlobalSection(ProjectConfigurationPlatforms) = postSolution
		{96C3EA3B-3CC2-4065-8622-2E938F160263}.Debug|x86.ActiveCfg = Debug|Win32
		{96C3EA3B-3CC2-4065-8622-2E938F160263}.Debug|x86.Build.0 = Debug|Win32
		{96C3EA3B-3CC2-4065-8622-2E938F160263}.Release|x86.ActiveCfg = Release|Win32
		{96C3EA3B-3CC2-4065-8622-2E938F160263}.Release|x86.Build.0 = Release|Win32
		{E1378A0B-F467-402B-9318-5C23BE192EEA}.Debug|x86.ActiveCfg = Debug|Win32
		{E1378A0B-F467-402B-9318-5C23BE192EEA}.Debug|x86.Build.0 = Debug|Win32
		{E1378A0B-F467-402B-9318-5C23BE192EEA}.Release|x86.ActiveCfg = Release|Win32
		{E1378A0B-F467-402B-9318-5C23BE192EEA}.Release|x86.Build.0 = Release|Win32
	EndGlobalSection
	GlobalSection(SolutionProperties) = preSolution
		HideSolutionNode = FALSE
	EndGlobalSection
	GlobalSection(ExtensibilityGlobals) = postSolution
		SolutionGuid = {ACB57051-185E-42A6-8954-CD6CD4126C0B}
	EndGlobalSection
EndGlobal
